// !$*UTF8*$!
{
	archiveVersion = 1;
	classes = {
	};
	objectVersion = 50;
	objects = {

/* Begin PBXBuildFile section */
		48A6323B22176FBD00289780 /* AppDelegate.swift in Sources */ = {isa = PBXBuildFile; fileRef = 48A6323A22176FBD00289780 /* AppDelegate.swift */; };
		48A6323D22176FBD00289780 /* ViewController.swift in Sources */ = {isa = PBXBuildFile; fileRef = 48A6323C22176FBD00289780 /* ViewController.swift */; };
		48A6324022176FBD00289780 /* Main.storyboard in Resources */ = {isa = PBXBuildFile; fileRef = 48A6323E22176FBD00289780 /* Main.storyboard */; };
		48A6324222176FBE00289780 /* Assets.xcassets in Resources */ = {isa = PBXBuildFile; fileRef = 48A6324122176FBE00289780 /* Assets.xcassets */; };
		48A6324522176FBE00289780 /* LaunchScreen.storyboard in Resources */ = {isa = PBXBuildFile; fileRef = 48A6324322176FBE00289780 /* LaunchScreen.storyboard */; };
		48A6325022176FBE00289780 /* ComeOnUIAlertControllerTests.swift in Sources */ = {isa = PBXBuildFile; fileRef = 48A6324F22176FBE00289780 /* ComeOnUIAlertControllerTests.swift */; };
		48A6325B22176FC600289780 /* ModalViewController.swift in Sources */ = {isa = PBXBuildFile; fileRef = 48A6325A22176FC600289780 /* ModalViewController.swift */; };
/* End PBXBuildFile section */

/* Begin PBXContainerItemProxy section */
		48A6324C22176FBE00289780 /* PBXContainerItemProxy */ = {
			isa = PBXContainerItemProxy;
			containerPortal = 48A6322F22176FBD00289780 /* Project object */;
			proxyType = 1;
			remoteGlobalIDString = 48A6323622176FBD00289780;
			remoteInfo = ComeOnUIAlertController;
		};
/* End PBXContainerItemProxy section */

/* Begin PBXFileReference section */
		48A6323722176FBD00289780 /* ComeOnUIAlertController.app */ = {isa = PBXFileReference; explicitFileType = wrapper.application; includeInIndex = 0; path = ComeOnUIAlertController.app; sourceTree = BUILT_PRODUCTS_DIR; };
		48A6323A22176FBD00289780 /* AppDelegate.swift */ = {isa = PBXFileReference; lastKnownFileType = sourcecode.swift; path = AppDelegate.swift; sourceTree = "<group>"; };
		48A6323C22176FBD00289780 /* ViewController.swift */ = {isa = PBXFileReference; lastKnownFileType = sourcecode.swift; path = ViewController.swift; sourceTree = "<group>"; };
		48A6323F22176FBD00289780 /* Base */ = {isa = PBXFileReference; lastKnownFileType = file.storyboard; name = Base; path = Base.lproj/Main.storyboard; sourceTree = "<group>"; };
		48A6324122176FBE00289780 /* Assets.xcassets */ = {isa = PBXFileReference; lastKnownFileType = folder.assetcatalog; path = Assets.xcassets; sourceTree = "<group>"; };
		48A6324422176FBE00289780 /* Base */ = {isa = PBXFileReference; lastKnownFileType = file.storyboard; name = Base; path = Base.lproj/LaunchScreen.storyboard; sourceTree = "<group>"; };
		48A6324622176FBE00289780 /* Info.plist */ = {isa = PBXFileReference; lastKnownFileType = text.plist.xml; path = Info.plist; sourceTree = "<group>"; };
		48A6324B22176FBE00289780 /* ComeOnUIAlertControllerTests.xctest */ = {isa = PBXFileReference; explicitFileType = wrapper.cfbundle; includeInIndex = 0; path = ComeOnUIAlertControllerTests.xctest; sourceTree = BUILT_PRODUCTS_DIR; };
		48A6324F22176FBE00289780 /* ComeOnUIAlertControllerTests.swift */ = {isa = PBXFileReference; lastKnownFileType = sourcecode.swift; path = ComeOnUIAlertControllerTests.swift; sourceTree = "<group>"; };
		48A6325122176FBE00289780 /* Info.plist */ = {isa = PBXFileReference; lastKnownFileType = text.plist.xml; path = Info.plist; sourceTree = "<group>"; };
		48A6325A22176FC600289780 /* ModalViewController.swift */ = {isa = PBXFileReference; lastKnownFileType = sourcecode.swift; path = ModalViewController.swift; sourceTree = "<group>"; };
/* End PBXFileReference section */

/* Begin PBXFrameworksBuildPhase section */
		48A6323422176FBD00289780 /* Frameworks */ = {
			isa = PBXFrameworksBuildPhase;
			buildActionMask = 2147483647;
			files = (
			);
			runOnlyForDeploymentPostprocessing = 0;
		};
		48A6324822176FBE00289780 /* Frameworks */ = {
			isa = PBXFrameworksBuildPhase;
			buildActionMask = 2147483647;
			files = (
			);
			runOnlyForDeploymentPostprocessing = 0;
		};
/* End PBXFrameworksBuildPhase section */

/* Begin PBXGroup section */
		48A6322E22176FBD00289780 = {
			isa = PBXGroup;
			children = (
				48A6323922176FBD00289780 /* ComeOnUIAlertController */,
				48A6324E22176FBE00289780 /* ComeOnUIAlertControllerTests */,
				48A6323822176FBD00289780 /* Products */,
			);
			sourceTree = "<group>";
		};
		48A6323822176FBD00289780 /* Products */ = {
			isa = PBXGroup;
			children = (
				48A6323722176FBD00289780 /* ComeOnUIAlertController.app */,
				48A6324B22176FBE00289780 /* ComeOnUIAlertControllerTests.xctest */,
			);
			name = Products;
			sourceTree = "<group>";
		};
		48A6323922176FBD00289780 /* ComeOnUIAlertController */ = {
			isa = PBXGroup;
			children = (
				48A6323A22176FBD00289780 /* AppDelegate.swift */,
				48A6323C22176FBD00289780 /* ViewController.swift */,
				48A6325A22176FC600289780 /* ModalViewController.swift */,
				48A6323E22176FBD00289780 /* Main.storyboard */,
				48A6324122176FBE00289780 /* Assets.xcassets */,
				48A6324322176FBE00289780 /* LaunchScreen.storyboard */,
				48A6324622176FBE00289780 /* Info.plist */,
			);
			path = ComeOnUIAlertController;
			sourceTree = "<group>";
		};
		48A6324E22176FBE00289780 /* ComeOnUIAlertControllerTests */ = {
			isa = PBXGroup;
			children = (
				48A6324F22176FBE00289780 /* ComeOnUIAlertControllerTests.swift */,
				48A6325122176FBE00289780 /* Info.plist */,
			);
			path = ComeOnUIAlertControllerTests;
			sourceTree = "<group>";
		};
/* End PBXGroup section */

/* Begin PBXNativeTarget section */
		48A6323622176FBD00289780 /* ComeOnUIAlertController */ = {
			isa = PBXNativeTarget;
			buildConfigurationList = 48A6325422176FBE00289780 /* Build configuration list for PBXNativeTarget "ComeOnUIAlertController" */;
			buildPhases = (
				48A6323322176FBD00289780 /* Sources */,
				48A6323422176FBD00289780 /* Frameworks */,
				48A6323522176FBD00289780 /* Resources */,
			);
			buildRules = (
			);
			dependencies = (
			);
			name = ComeOnUIAlertController;
			productName = ComeOnUIAlertController;
			productReference = 48A6323722176FBD00289780 /* ComeOnUIAlertController.app */;
			productType = "com.apple.product-type.application";
		};
		48A6324A22176FBE00289780 /* ComeOnUIAlertControllerTests */ = {
			isa = PBXNativeTarget;
			buildConfigurationList = 48A6325722176FBE00289780 /* Build configuration list for PBXNativeTarget "ComeOnUIAlertControllerTests" */;
			buildPhases = (
				48A6324722176FBE00289780 /* Sources */,
				48A6324822176FBE00289780 /* Frameworks */,
				48A6324922176FBE00289780 /* Resources */,
			);
			buildRules = (
			);
			dependencies = (
				48A6324D22176FBE00289780 /* PBXTargetDependency */,
			);
			name = ComeOnUIAlertControllerTests;
			productName = ComeOnUIAlertControllerTests;
			productReference = 48A6324B22176FBE00289780 /* ComeOnUIAlertControllerTests.xctest */;
			productType = "com.apple.product-type.bundle.unit-test";
		};
/* End PBXNativeTarget section */

/* Begin PBXProject section */
		48A6322F22176FBD00289780 /* Project object */ = {
			isa = PBXProject;
			attributes = {
				LastSwiftUpdateCheck = 1010;
				LastUpgradeCheck = 1010;
				ORGANIZATIONNAME = "Aditya Ayyakad";
				TargetAttributes = {
					48A6323622176FBD00289780 = {
						CreatedOnToolsVersion = 10.1;
					};
					48A6324A22176FBE00289780 = {
						CreatedOnToolsVersion = 10.1;
						TestTargetID = 48A6323622176FBD00289780;
					};
				};
			};
			buildConfigurationList = 48A6323222176FBD00289780 /* Build configuration list for PBXProject "ComeOnUIAlertController" */;
			compatibilityVersion = "Xcode 9.3";
			developmentRegion = en;
			hasScannedForEncodings = 0;
			knownRegions = (
				en,
				Base,
			);
			mainGroup = 48A6322E22176FBD00289780;
			productRefGroup = 48A6323822176FBD00289780 /* Products */;
			projectDirPath = "";
			projectRoot = "";
			targets = (
				48A6323622176FBD00289780 /* ComeOnUIAlertController */,
				48A6324A22176FBE00289780 /* ComeOnUIAlertControllerTests */,
			);
		};
/* End PBXProject section */

/* Begin PBXResourcesBuildPhase section */
		48A6323522176FBD00289780 /* Resources */ = {
			isa = PBXResourcesBuildPhase;
			buildActionMask = 2147483647;
			files = (
				48A6324522176FBE00289780 /* LaunchScreen.storyboard in Resources */,
				48A6324222176FBE00289780 /* Assets.xcassets in Resources */,
				48A6324022176FBD00289780 /* Main.storyboard in Resources */,
			);
			runOnlyForDeploymentPostprocessing = 0;
		};
		48A6324922176FBE00289780 /* Resources */ = {
			isa = PBXResourcesBuildPhase;
			buildActionMask = 2147483647;
			files = (
			);
			runOnlyForDeploymentPostprocessing = 0;
		};
/* End PBXResourcesBuildPhase section */

/* Begin PBXSourcesBuildPhase section */
		48A6323322176FBD00289780 /* Sources */ = {
			isa = PBXSourcesBuildPhase;
			buildActionMask = 2147483647;
			files = (
				48A6323D22176FBD00289780 /* ViewController.swift in Sources */,
				48A6325B22176FC600289780 /* ModalViewController.swift in Sources */,
				48A6323B22176FBD00289780 /* AppDelegate.swift in Sources */,
			);
			runOnlyForDeploymentPostprocessing = 0;
		};
		48A6324722176FBE00289780 /* Sources */ = {
			isa = PBXSourcesBuildPhase;
			buildActionMask = 2147483647;
			files = (
				48A6325022176FBE00289780 /* ComeOnUIAlertControllerTests.swift in Sources */,
			);
			runOnlyForDeploymentPostprocessing = 0;
		};
/* End PBXSourcesBuildPhase section */

/* Begin PBXTargetDependency section */
		48A6324D22176FBE00289780 /* PBXTargetDependency */ = {
			isa = PBXTargetDependency;
			target = 48A6323622176FBD00289780 /* ComeOnUIAlertController */;
			targetProxy = 48A6324C22176FBE00289780 /* PBXContainerItemProxy */;
		};
/* End PBXTargetDependency section */

/* Begin PBXVariantGroup section */
		48A6323E22176FBD00289780 /* Main.storyboard */ = {
			isa = PBXVariantGroup;
			children = (
				48A6323F22176FBD00289780 /* Base */,
			);
			name = Main.storyboard;
			sourceTree = "<group>";
		};
		48A6324322176FBE00289780 /* LaunchScreen.storyboard */ = {
			isa = PBXVariantGroup;
			children = (
				48A6324422176FBE00289780 /* Base */,
			);
			name = LaunchScreen.storyboard;
			sourceTree = "<group>";
		};
/* End PBXVariantGroup section */

/* Begin XCBuildConfiguration section */
		48A6325222176FBE00289780 /* Debug */ = {
			isa = XCBuildConfiguration;
			buildSettings = {
				ALWAYS_SEARCH_USER_PATHS = NO;
				CLANG_ANALYZER_NONNULL = YES;
				CLANG_ANALYZER_NUMBER_OBJECT_CONVERSION = YES_AGGRESSIVE;
				CLANG_CXX_LANGUAGE_STANDARD = "gnu++14";
				CLANG_CXX_LIBRARY = "libc++";
				CLANG_ENABLE_MODULES = YES;
				CLANG_ENABLE_OBJC_ARC = YES;
				CLANG_ENABLE_OBJC_WEAK = YES;
				CLANG_WARN_BLOCK_CAPTURE_AUTORELEASING = YES;
				CLANG_WARN_BOOL_CONVERSION = YES;
				CLANG_WARN_COMMA = YES;
				CLANG_WARN_CONSTANT_CONVERSION = YES;
				CLANG_WARN_DEPRECATED_OBJC_IMPLEMENTATIONS = YES;
				CLANG_WARN_DIRECT_OBJC_ISA_USAGE = YES_ERROR;
				CLANG_WARN_DOCUMENTATION_COMMENTS = YES;
				CLANG_WARN_EMPTY_BODY = YES;
				CLANG_WARN_ENUM_CONVERSION = YES;
				CLANG_WARN_INFINITE_RECURSION = YES;
				CLANG_WARN_INT_CONVERSION = YES;
				CLANG_WARN_NON_LITERAL_NULL_CONVERSION = YES;
				CLANG_WARN_OBJC_IMPLICIT_RETAIN_SELF = YES;
				CLANG_WARN_OBJC_LITERAL_CONVERSION = YES;
				CLANG_WARN_OBJC_ROOT_CLASS = YES_ERROR;
				CLANG_WARN_RANGE_LOOP_ANALYSIS = YES;
				CLANG_WARN_STRICT_PROTOTYPES = YES;
				CLANG_WARN_SUSPICIOUS_MOVE = YES;
				CLANG_WARN_UNGUARDED_AVAILABILITY = YES_AGGRESSIVE;
				CLANG_WARN_UNREACHABLE_CODE = YES;
				CLANG_WARN__DUPLICATE_METHOD_MATCH = YES;
				CODE_SIGN_IDENTITY = "iPhone Developer";
				COPY_PHASE_STRIP = NO;
				DEBUG_INFORMATION_FORMAT = dwarf;
				ENABLE_STRICT_OBJC_MSGSEND = YES;
				ENABLE_TESTABILITY = YES;
				GCC_C_LANGUAGE_STANDARD = gnu11;
				GCC_DYNAMIC_NO_PIC = NO;
				GCC_NO_COMMON_BLOCKS = YES;
				GCC_OPTIMIZATION_LEVEL = 0;
				GCC_PREPROCESSOR_DEFINITIONS = (
					"DEBUG=1",
					"$(inherited)",
				);
				GCC_WARN_64_TO_32_BIT_CONVERSION = YES;
				GCC_WARN_ABOUT_RETURN_TYPE = YES_ERROR;
				GCC_WARN_UNDECLARED_SELECTOR = YES;
				GCC_WARN_UNINITIALIZED_AUTOS = YES_AGGRESSIVE;
				GCC_WARN_UNUSED_FUNCTION = YES;
				GCC_WARN_UNUSED_VARIABLE = YES;
				IPHONEOS_DEPLOYMENT_TARGET = 12.1;
				MTL_ENABLE_DEBUG_INFO = INCLUDE_SOURCE;
				MTL_FAST_MATH = YES;
				ONLY_ACTIVE_ARCH = YES;
				SDKROOT = iphoneos;
				SWIFT_ACTIVE_COMPILATION_CONDITIONS = DEBUG;
				SWIFT_OPTIMIZATION_LEVEL = "-Onone";
			};
			name = Debug;
		};
		48A6325322176FBE00289780 /* Release */ = {
			isa = XCBuildConfiguration;
			buildSettings = {
				ALWAYS_SEARCH_USER_PATHS = NO;
				CLANG_ANALYZER_NONNULL = YES;
				CLANG_ANALYZER_NUMBER_OBJECT_CONVERSION = YES_AGGRESSIVE;
				CLANG_CXX_LANGUAGE_STANDARD = "gnu++14";
				CLANG_CXX_LIBRARY = "libc++";
				CLANG_ENABLE_MODULES = YES;
				CLANG_ENABLE_OBJC_ARC = YES;
				CLANG_ENABLE_OBJC_WEAK = YES;
				CLANG_WARN_BLOCK_CAPTURE_AUTORELEASING = YES;
				CLANG_WARN_BOOL_CONVERSION = YES;
				CLANG_WARN_COMMA = YES;
				CLANG_WARN_CONSTANT_CONVERSION = YES;
				CLANG_WARN_DEPRECATED_OBJC_IMPLEMENTATIONS = YES;
				CLANG_WARN_DIRECT_OBJC_ISA_USAGE = YES_ERROR;
				CLANG_WARN_DOCUMENTATION_COMMENTS = YES;
				CLANG_WARN_EMPTY_BODY = YES;
				CLANG_WARN_ENUM_CONVERSION = YES;
				CLANG_WARN_INFINITE_RECURSION = YES;
				CLANG_WARN_INT_CONVERSION = YES;
				CLANG_WARN_NON_LITERAL_NULL_CONVERSION = YES;
				CLANG_WARN_OBJC_IMPLICIT_RETAIN_SELF = YES;
				CLANG_WARN_OBJC_LITERAL_CONVERSION = YES;
				CLANG_WARN_OBJC_ROOT_CLASS = YES_ERROR;
				CLANG_WARN_RANGE_LOOP_ANALYSIS = YES;
				CLANG_WARN_STRICT_PROTOTYPES = YES;
				CLANG_WARN_SUSPICIOUS_MOVE = YES;
				CLANG_WARN_UNGUARDED_AVAILABILITY = YES_AGGRESSIVE;
				CLANG_WARN_UNREACHABLE_CODE = YES;
				CLANG_WARN__DUPLICATE_METHOD_MATCH = YES;
				CODE_SIGN_IDENTITY = "iPhone Developer";
				COPY_PHASE_STRIP = NO;
				DEBUG_INFORMATION_FORMAT = "dwarf-with-dsym";
				ENABLE_NS_ASSERTIONS = NO;
				ENABLE_STRICT_OBJC_MSGSEND = YES;
				GCC_C_LANGUAGE_STANDARD = gnu11;
				GCC_NO_COMMON_BLOCKS = YES;
				GCC_WARN_64_TO_32_BIT_CONVERSION = YES;
				GCC_WARN_ABOUT_RETURN_TYPE = YES_ERROR;
				GCC_WARN_UNDECLARED_SELECTOR = YES;
				GCC_WARN_UNINITIALIZED_AUTOS = YES_AGGRESSIVE;
				GCC_WARN_UNUSED_FUNCTION = YES;
				GCC_WARN_UNUSED_VARIABLE = YES;
				IPHONEOS_DEPLOYMENT_TARGET = 12.1;
				MTL_ENABLE_DEBUG_INFO = NO;
				MTL_FAST_MATH = YES;
				SDKROOT = iphoneos;
				SWIFT_COMPILATION_MODE = wholemodule;
				SWIFT_OPTIMIZATION_LEVEL = "-O";
				VALIDATE_PRODUCT = YES;
			};
			name = Release;
		};
		48A6325522176FBE00289780 /* Debug */ = {
			isa = XCBuildConfiguration;
			buildSettings = {
				ASSETCATALOG_COMPILER_APPICON_NAME = AppIcon;
				CODE_SIGN_STYLE = Automatic;
				DEVELOPMENT_TEAM = MBWM5464X8;
				INFOPLIST_FILE = ComeOnUIAlertController/Info.plist;
				LD_RUNPATH_SEARCH_PATHS = (
					"$(inherited)",
					"@executable_path/Frameworks",
				);
				PRODUCT_BUNDLE_IDENTIFIER = "com.butterflynetinc.-.ComeOnUIAlertController";
				PRODUCT_NAME = "$(TARGET_NAME)";
				SWIFT_VERSION = 4.2;
				TARGETED_DEVICE_FAMILY = "1,2";
			};
			name = Debug;
		};
		48A6325622176FBE00289780 /* Release */ = {
			isa = XCBuildConfiguration;
			buildSettings = {
				ASSETCATALOG_COMPILER_APPICON_NAME = AppIcon;
				CODE_SIGN_STYLE = Automatic;
				DEVELOPMENT_TEAM = MBWM5464X8;
				INFOPLIST_FILE = ComeOnUIAlertController/Info.plist;
				LD_RUNPATH_SEARCH_PATHS = (
					"$(inherited)",
					"@executable_path/Frameworks",
				);
				PRODUCT_BUNDLE_IDENTIFIER = "com.butterflynetinc.-.ComeOnUIAlertController";
				PRODUCT_NAME = "$(TARGET_NAME)";
				SWIFT_VERSION = 4.2;
				TARGETED_DEVICE_FAMILY = "1,2";
			};
			name = Release;
		};
		48A6325822176FBE00289780 /* Debug */ = {
			isa = XCBuildConfiguration;
			buildSettings = {
				ALWAYS_EMBED_SWIFT_STANDARD_LIBRARIES = YES;
				BUNDLE_LOADER = "$(TEST_HOST)";
				CODE_SIGN_STYLE = Automatic;
				INFOPLIST_FILE = ComeOnUIAlertControllerTests/Info.plist;
				LD_RUNPATH_SEARCH_PATHS = (
					"$(inherited)",
					"@executable_path/Frameworks",
					"@loader_path/Frameworks",
				);
				PRODUCT_BUNDLE_IDENTIFIER = "com.butterflynetinc.-.ComeOnUIAlertControllerTests";
				PRODUCT_NAME = "$(TARGET_NAME)";
				SWIFT_VERSION = 4.2;
				TARGETED_DEVICE_FAMILY = "1,2";
				TEST_HOST = "$(BUILT_PRODUCTS_DIR)/ComeOnUIAlertController.app/ComeOnUIAlertController";
			};
			name = Debug;
		};
		48A6325922176FBE00289780 /* Release */ = {
			isa = XCBuildConfiguration;
			buildSettings = {
				ALWAYS_EMBED_SWIFT_STANDARD_LIBRARIES = YES;
				BUNDLE_LOADER = "$(TEST_HOST)";
				CODE_SIGN_STYLE = Automatic;
				INFOPLIST_FILE = ComeOnUIAlertControllerTests/Info.plist;
				LD_RUNPATH_SEARCH_PATHS = (
					"$(inherited)",
					"@executable_path/Frameworks",
					"@loader_path/Frameworks",
				);
				PRODUCT_BUNDLE_IDENTIFIER = "com.butterflynetinc.-.ComeOnUIAlertControllerTests";
				PRODUCT_NAME = "$(TARGET_NAME)";
				SWIFT_VERSION = 4.2;
				TARGETED_DEVICE_FAMILY = "1,2";
				TEST_HOST = "$(BUILT_PRODUCTS_DIR)/ComeOnUIAlertController.app/ComeOnUIAlertController";
			};
			name = Release;
		};
/* End XCBuildConfiguration section */

/* Begin XCConfigurationList section */
		48A6323222176FBD00289780 /* Build configuration list for PBXProject "ComeOnUIAlertController" */ = {
			isa = XCConfigurationList;
			buildConfigurations = (
				48A6325222176FBE00289780 /* Debug */,
				48A6325322176FBE00289780 /* Release */,
			);
			defaultConfigurationIsVisible = 0;
			defaultConfigurationName = Release;
		};
		48A6325422176FBE00289780 /* Build configuration list for PBXNativeTarget "ComeOnUIAlertController" */ = {
			isa = XCConfigurationList;
			buildConfigurations = (
				48A6325522176FBE00289780 /* Debug */,
				48A6325622176FBE00289780 /* Release */,
			);
			defaultConfigurationIsVisible = 0;
			defaultConfigurationName = Release;
		};
		48A6325722176FBE00289780 /* Build configuration list for PBXNativeTarget "ComeOnUIAlertControllerTests" */ = {
			isa = XCConfigurationList;
			buildConfigurations = (
				48A6325822176FBE00289780 /* Debug */,
				48A6325922176FBE00289780 /* Release */,
			);
			defaultConfigurationIsVisible = 0;
			defaultConfigurationName = Release;
		};
/* End XCConfigurationList section */
	};
	rootObject = 48A6322F22176FBD00289780 /* Project object */;
}
